
Microsoft Visual Studio Solution File, Format Version 12.00
# Visual Studio 15
Project("{FAE04EC0-301F-11D3-BF4B-00C04F79EFBC}") = "NativeGallery.Runtime", "NativeGallery.Runtime.csproj", "{6FAF1C4F-5703-A16E-CCE4-8238C7581FF4}"
EndProject
Project("{FAE04EC0-301F-11D3-BF4B-00C04F79EFBC}") = "Assembly-CSharp", "Assembly-CSharp.csproj", "{356EC313-5D35-37E2-8B4B-E08A598313FF}"
EndProject
Project("{FAE04EC0-301F-11D3-BF4B-00C04F79EFBC}") = "Assembly-CSharp-Editor", "Assembly-CSharp-Editor.csproj", "{116E9BDC-93A3-DA60-FDD3-F3518FC0D2E1}"
EndProject
Project("{FAE04EC0-301F-11D3-BF4B-00C04F79EFBC}") = "NativeGallery.Editor", "NativeGallery.Editor.csproj", "{C1327498-1D32-CA6E-DFB1-7A0784204226}"
EndProject
Global
	GlobalSection(SolutionConfigurationPlatforms) = preSolution
		Debug|Any CPU = Debug|Any CPU
		Release|Any CPU = Release|Any CPU
	EndGlobalSection
	GlobalSection(ProjectConfigurationPlatforms) = postSolution
		{6FAF1C4F-5703-A16E-CCE4-8238C7581FF4}.Debug|Any CPU.ActiveCfg = Debug|Any CPU
		{6FAF1C4F-5703-A16E-CCE4-8238C7581FF4}.Debug|Any CPU.Build.0 = Debug|Any CPU
		{6FAF1C4F-5703-A16E-CCE4-8238C7581FF4}.Release|Any CPU.ActiveCfg = Release|Any CPU
		{6FAF1C4F-5703-A16E-CCE4-8238C7581FF4}.Release|Any CPU.Build.0 = Release|Any CPU
		{356EC313-5D35-37E2-8B4B-E08A598313FF}.Debug|Any CPU.ActiveCfg = Debug|Any CPU
		{356EC313-5D35-37E2-8B4B-E08A598313FF}.Debug|Any CPU.Build.0 = Debug|Any CPU
		{356EC313-5D35-37E2-8B4B-E08A598313FF}.Release|Any CPU.ActiveCfg = Release|Any CPU
		{356EC313-5D35-37E2-8B4B-E08A598313FF}.Release|Any CPU.Build.0 = Release|Any CPU
		{116E9BDC-93A3-DA60-FDD3-F3518FC0D2E1}.Debug|Any CPU.ActiveCfg = Debug|Any CPU
		{116E9BDC-93A3-DA60-FDD3-F3518FC0D2E1}.Debug|Any CPU.Build.0 = Debug|Any CPU
		{116E9BDC-93A3-DA60-FDD3-F3518FC0D2E1}.Release|Any CPU.ActiveCfg = Release|Any CPU
		{116E9BDC-93A3-DA60-FDD3-F3518FC0D2E1}.Release|Any CPU.Build.0 = Release|Any CPU
		{C1327498-1D32-CA6E-DFB1-7A0784204226}.Debug|Any CPU.ActiveCfg = Debug|Any CPU
		{C1327498-1D32-CA6E-DFB1-7A0784204226}.Debug|Any CPU.Build.0 = Debug|Any CPU
		{C1327498-1D32-CA6E-DFB1-7A0784204226}.Release|Any CPU.ActiveCfg = Release|Any CPU
		{C1327498-1D32-CA6E-DFB1-7A0784204226}.Release|Any CPU.Build.0 = Release|Any CPU
	EndGlobalSection
	GlobalSection(SolutionProperties) = preSolution
		HideSolutionNode = FALSE
	EndGlobalSection
EndGlobal
